
Microsoft Visual Studio Solution File, Format Version 12.00
# Visual Studio 15
VisualStudioVersion = 15.0.27004.2009
MinimumVisualStudioVersion = 10.0.40219.1
Project("{9A19103F-16F7-4668-BE54-9A1E7A4F7556}") = "BasketService", "BasketService.csproj", "{3CE430F3-B017-4614-9D97-A8AEB7A5ECC5}"
EndProject
Global
	GlobalSection(SolutionConfigurationPlatforms) = preSolution
		Debug|Any CPU = Debug|Any CPU
		Release|Any CPU = Release|Any CPU
	EndGlobalSection
	GlobalSection(ProjectConfigurationPlatforms) = postSolution
		{3CE430F3-B017-4614-9D97-A8AEB7A5ECC5}.Debug|Any CPU.ActiveCfg = Debug|Any CPU
		{3CE430F3-B017-4614-9D97-A8AEB7A5ECC5}.Debug|Any CPU.Build.0 = Debug|Any CPU
		{3CE430F3-B017-4614-9D97-A8AEB7A5ECC5}.Release|Any CPU.ActiveCfg = Release|Any CPU
		{3CE430F3-B017-4614-9D97-A8AEB7A5ECC5}.Release|Any CPU.Build.0 = Release|Any CPU
	EndGlobalSection
	GlobalSection(SolutionProperties) = preSolution
		HideSolutionNode = FALSE
	EndGlobalSection
	GlobalSection(ExtensibilityGlobals) = postSolution
		SolutionGuid = {3635A401-FD4A-49D6-A2BD-D2EE98464FF1}
	EndGlobalSection
EndGlobal
